# This file was autogenerated by Stack.
# You should not edit this file by hand.
# For more information, please see the documentation at:
#   https://docs.haskellstack.org/en/stable/lock_files

packages:
- completed:
    hackage: gloss-1.13.2.1@sha256:273d02d30e1896932d45424dab6022a16986c0ed3eef6937776b5f40854ce51c,4075
    pantry-tree:
      size: 3807
      sha256: 1bcac9962bad9412bfb3c3a694fcdaae7097ee4071b03fc1dc5ab6047baad01b
  original:
    hackage: gloss-1.13.2.1
- completed:
    hackage: kansas-comet-0.4.1@sha256:71b14120c51d10b7e59bafa0bc5d284f761cdd8739980cd67379ef500b31db09,2236
    pantry-tree:
      size: 383
      sha256: 0eb05ea626f87bbf3398f9d51597ba5019301b30e76b16493848a1723c6bc0d6
  original:
    hackage: kansas-comet-0.4.1@sha256:71b14120c51d10b7e59bafa0bc5d284f761cdd8739980cd67379ef500b31db09,2236
snapshots:
- completed:
    size: 586296
    url: https://raw.githubusercontent.com/commercialhaskell/stackage-snapshots/master/lts/18/18.yaml
    sha256: 63539429076b7ebbab6daa7656cfb079393bf644971156dc349d7c0453694ac2
  original:
    url: https://raw.githubusercontent.com/commercialhaskell/stackage-snapshots/master/lts/18/18.yaml
